
Microsoft Visual Studio Solution File, Format Version 12.00
# Visual Studio Version 17
VisualStudioVersion = 17.5.33424.131
MinimumVisualStudioVersion = 10.0.40219.1
Project("{9A19103F-16F7-4668-BE54-9A1E7A4F7556}") = "Graph.Api", "Graph.Api\Graph.Api.csproj", "{50FD6C82-B47F-4E60-9817-597BF279C58D}"
EndProject
Project("{FAE04EC0-301F-11D3-BF4B-00C04F79EFBC}") = "Graph.Interfaces", "Graph.Interfaces\Graph.Interfaces.csproj", "{F401A91C-4773-4B8C-BF14-61A2CB187F61}"
EndProject
Project("{FAE04EC0-301F-11D3-BF4B-00C04F79EFBC}") = "Graph.Data", "Graph.Data\Graph.Data.csproj", "{B8D2BBAF-34ED-49D1-BDDE-FBBD8487A4C8}"
EndProject
Project("{FAE04EC0-301F-11D3-BF4B-00C04F79EFBC}") = "Graph.Models", "Graph.Models\Graph.Models.csproj", "{D13AFA97-3FA1-44DE-B411-27442A86E48D}"
EndProject
Project("{2150E333-8FDC-42A3-9474-1A3956D46DE8}") = "Data", "Data", "{15BD3426-C6B9-4F62-A3D0-9F1CA44003FA}"
EndProject
Project("{FAE04EC0-301F-11D3-BF4B-00C04F79EFBC}") = "Graph.Data.Interfaces", "Graph.Data.Interfaces\Graph.Data.Interfaces.csproj", "{9F9C819A-2B69-4F42-8533-DE176D5A01D5}"
EndProject
Global
	GlobalSection(SolutionConfigurationPlatforms) = preSolution
		Debug|Any CPU = Debug|Any CPU
		Release|Any CPU = Release|Any CPU
	EndGlobalSection
	GlobalSection(ProjectConfigurationPlatforms) = postSolution
		{50FD6C82-B47F-4E60-9817-597BF279C58D}.Debug|Any CPU.ActiveCfg = Debug|Any CPU
		{50FD6C82-B47F-4E60-9817-597BF279C58D}.Debug|Any CPU.Build.0 = Debug|Any CPU
		{50FD6C82-B47F-4E60-9817-597BF279C58D}.Release|Any CPU.ActiveCfg = Release|Any CPU
		{50FD6C82-B47F-4E60-9817-597BF279C58D}.Release|Any CPU.Build.0 = Release|Any CPU
		{F401A91C-4773-4B8C-BF14-61A2CB187F61}.Debug|Any CPU.ActiveCfg = Debug|Any CPU
		{F401A91C-4773-4B8C-BF14-61A2CB187F61}.Debug|Any CPU.Build.0 = Debug|Any CPU
		{F401A91C-4773-4B8C-BF14-61A2CB187F61}.Release|Any CPU.ActiveCfg = Release|Any CPU
		{F401A91C-4773-4B8C-BF14-61A2CB187F61}.Release|Any CPU.Build.0 = Release|Any CPU
		{B8D2BBAF-34ED-49D1-BDDE-FBBD8487A4C8}.Debug|Any CPU.ActiveCfg = Debug|Any CPU
		{B8D2BBAF-34ED-49D1-BDDE-FBBD8487A4C8}.Debug|Any CPU.Build.0 = Debug|Any CPU
		{B8D2BBAF-34ED-49D1-BDDE-FBBD8487A4C8}.Release|Any CPU.ActiveCfg = Release|Any CPU
		{B8D2BBAF-34ED-49D1-BDDE-FBBD8487A4C8}.Release|Any CPU.Build.0 = Release|Any CPU
		{D13AFA97-3FA1-44DE-B411-27442A86E48D}.Debug|Any CPU.ActiveCfg = Debug|Any CPU
		{D13AFA97-3FA1-44DE-B411-27442A86E48D}.Debug|Any CPU.Build.0 = Debug|Any CPU
		{D13AFA97-3FA1-44DE-B411-27442A86E48D}.Release|Any CPU.ActiveCfg = Release|Any CPU
		{D13AFA97-3FA1-44DE-B411-27442A86E48D}.Release|Any CPU.Build.0 = Release|Any CPU
		{9F9C819A-2B69-4F42-8533-DE176D5A01D5}.Debug|Any CPU.ActiveCfg = Debug|Any CPU
		{9F9C819A-2B69-4F42-8533-DE176D5A01D5}.Debug|Any CPU.Build.0 = Debug|Any CPU
		{9F9C819A-2B69-4F42-8533-DE176D5A01D5}.Release|Any CPU.ActiveCfg = Release|Any CPU
		{9F9C819A-2B69-4F42-8533-DE176D5A01D5}.Release|Any CPU.Build.0 = Release|Any CPU
	EndGlobalSection
	GlobalSection(SolutionProperties) = preSolution
		HideSolutionNode = FALSE
	EndGlobalSection
	GlobalSection(NestedProjects) = preSolution
		{B8D2BBAF-34ED-49D1-BDDE-FBBD8487A4C8} = {15BD3426-C6B9-4F62-A3D0-9F1CA44003FA}
		{9F9C819A-2B69-4F42-8533-DE176D5A01D5} = {15BD3426-C6B9-4F62-A3D0-9F1CA44003FA}
	EndGlobalSection
	GlobalSection(ExtensibilityGlobals) = postSolution
		SolutionGuid = {5DE265C2-4060-45BA-9EA7-AEE95D116A02}
	EndGlobalSection
EndGlobal
